// !$*UTF8*$!
{
	archiveVersion = 1;
	classes = {
	};
	objectVersion = 77;
	objects = {

/* Begin PBXBuildFile section */
		01E50FC472AC064589470DAB /* iDeviceSelector.swift in Sources */ = {isa = PBXBuildFile; fileRef = B446F16B9A49206C8DB1ED37 /* iDeviceSelector.swift */; };
		1ACD3A57D8629FC1DD521B8E /* StatusBar.swift in Sources */ = {isa = PBXBuildFile; fileRef = 5DE6E599BB34F30610A21854 /* StatusBar.swift */; };
		2192812BECFE229E9A62F59C /* SCContext.swift in Sources */ = {isa = PBXBuildFile; fileRef = 5296D180E202BF04BA35C552 /* SCContext.swift */; };
		24AF75F73AF277180AAF3F8C /* InfoPlist.strings in Resources */ = {isa = PBXBuildFile; fileRef = B52D5DF49796FB0D520A1B12 /* InfoPlist.strings */; };
		254D03C42202290F1B10AFD2 /* RecordEngine.swift in Sources */ = {isa = PBXBuildFile; fileRef = F0026D5C2EE88D0D7E565FB5 /* RecordEngine.swift */; };
		26B923AA1337F95775B3AA81 /* MatrixColorSelector in Frameworks */ = {isa = PBXBuildFile; productRef = 20A11B938B13658B354D5547 /* MatrixColorSelector */; };
		2B7778222382D778E796DF4D /* Localizable.strings in Resources */ = {isa = PBXBuildFile; fileRef = FFCF6A7ECE17641A3EF2B55A /* Localizable.strings */; };
		2C9FE01C1B05E00E6ABD55A1 /* Localizable.strings in Resources */ = {isa = PBXBuildFile; fileRef = AA28D5C28F0D3844BB4CDCB0 /* Localizable.strings */; };
		310C941B35A6DD8FEDDED2BB /* QmaPlayer.swift in Sources */ = {isa = PBXBuildFile; fileRef = 49B9FEBBE4DDC1A333C360FC /* QmaPlayer.swift */; };
		311E736EB8D9BE299C908E79 /* QuickRecorderApp.swift in Sources */ = {isa = PBXBuildFile; fileRef = 1379FEFBF86E7A6D8EE7F2C2 /* QuickRecorderApp.swift */; };
		327A5000AC3F7C498DD58E1D /* ScreenMagnifier.swift in Sources */ = {isa = PBXBuildFile; fileRef = 1ED2561097C536580D2DF6BD /* ScreenMagnifier.swift */; };
		408854EBC801402EC2F1CAC7 /* Scriptable.sdef in Resources */ = {isa = PBXBuildFile; fileRef = CFA0F7A2E224B94D27CDFFDA /* Scriptable.sdef */; };
		4D4AE02389D6310B87D07385 /* AppBlockSelector.swift in Sources */ = {isa = PBXBuildFile; fileRef = 1B493083E3FBAE27042FFC9D /* AppBlockSelector.swift */; };
		53394F8B5688817B811310EC /* AppSelector.swift in Sources */ = {isa = PBXBuildFile; fileRef = BAB9237AD5364A33A9D05F58 /* AppSelector.swift */; };
		5895D098409330C80DF74F13 /* WinSelector.swift in Sources */ = {isa = PBXBuildFile; fileRef = D3B069B961636F21577CE528 /* WinSelector.swift */; };
		5A7F1D55A688F330498BD9E2 /* PreviewView.swift in Sources */ = {isa = PBXBuildFile; fileRef = 6AB7939A2CFDC875D1BDAC4F /* PreviewView.swift */; };
		5C8F5AA200E63F6AB8B284B5 /* WindowAccessor.swift in Sources */ = {isa = PBXBuildFile; fileRef = 37D3943DB242B43E0FD6B6E0 /* WindowAccessor.swift */; };
		5D3D44513E9EC48075D8B59D /* Credits.rtf in Resources */ = {isa = PBXBuildFile; fileRef = 76D01F550B998DD32AE08E28 /* Credits.rtf */; };
		64D378587B14D6ED4AE08454 /* InfoPlist.strings in Resources */ = {isa = PBXBuildFile; fileRef = 8EB14EC88E1925795755DDCF /* InfoPlist.strings */; };
		6603A9EF5651405D0C084EB9 /* SwiftLAME in Frameworks */ = {isa = PBXBuildFile; productRef = FDC081B5850295EDBBD6F047 /* SwiftLAME */; };
		6694B17C1E9F8BCB92533995 /* WindowHighlighter.swift in Sources */ = {isa = PBXBuildFile; fileRef = 229FE2CD1198F1BE12FFB725 /* WindowHighlighter.swift */; };
		6EC5D01F2E0B50973B6D7378 /* SleepPreventer.swift in Sources */ = {isa = PBXBuildFile; fileRef = 17471A6736E972D6EE525D2B /* SleepPreventer.swift */; };
		7B6B4EB56F3F5FCD66B92A5D /* AVContext.swift in Sources */ = {isa = PBXBuildFile; fileRef = 4C50A3DF1F88D855BD327880 /* AVContext.swift */; };
		8130E58336279DF3FDE154E9 /* Assets.xcassets in Resources */ = {isa = PBXBuildFile; fileRef = 5620E7E604464F71357701CD /* Assets.xcassets */; };
		86BDA9EC207299D92CC2C184 /* AreaSelector.swift in Sources */ = {isa = PBXBuildFile; fileRef = E92531F6190CF7FD54D11030 /* AreaSelector.swift */; };
		88805C21093A2054AE2E89B3 /* SurpriseView.swift in Sources */ = {isa = PBXBuildFile; fileRef = 92CF99FA21F24342E268F383 /* SurpriseView.swift */; };
		931402C2C3E599D26731D5DE /* InfoPlist.strings in Resources */ = {isa = PBXBuildFile; fileRef = FDB38159C14CF22014034614 /* InfoPlist.strings */; };
		9B1B5B597CF4B14111E1A95C /* VideoEditor.swift in Sources */ = {isa = PBXBuildFile; fileRef = 580A0D0330EB3D2ADD2E016B /* VideoEditor.swift */; };
		9F52EB00D7FB32A12196483B /* AECAudioStream in Frameworks */ = {isa = PBXBuildFile; productRef = B12943B078FE621DF2A6C2DD /* AECAudioStream */; };
		AB21A63489FF5531CD348FE7 /* Sparkle.swift in Sources */ = {isa = PBXBuildFile; fileRef = 4F38AB24F98B8287CCFA41F0 /* Sparkle.swift */; };
		C30B6F000B533C43048508B9 /* MousePointer.swift in Sources */ = {isa = PBXBuildFile; fileRef = 9CDB82CFC6FD6D6228AE9415 /* MousePointer.swift */; };
		CC0174A706714569C305DBF3 /* SettingsView.swift in Sources */ = {isa = PBXBuildFile; fileRef = 2546D2B36DF5ED45ECA3C93F /* SettingsView.swift */; };
		D751565E58C101C8F68DFBDB /* ContentView.swift in Sources */ = {isa = PBXBuildFile; fileRef = B2B6BACD125EAA3F9D1C4158 /* ContentView.swift */; };
		D94AF1A8ACCB4A8D1A99B341 /* Localizable.strings in Resources */ = {isa = PBXBuildFile; fileRef = 2658D46104B6D79CF3660D75 /* Localizable.strings */; };
		E1CD9217FA941F4943545C2B /* AppleScript.swift in Sources */ = {isa = PBXBuildFile; fileRef = 60EC8B4E326D99B3E5C0308D /* AppleScript.swift */; };
		F07FD4EFE039013FC77ED285 /* ScreenSelector.swift in Sources */ = {isa = PBXBuildFile; fileRef = 5C155925B9F2253886F013E0 /* ScreenSelector.swift */; };
		F26CEE19F36FB64A62D0EEB6 /* CameraOverlayer.swift in Sources */ = {isa = PBXBuildFile; fileRef = 66060D7A142A050F230BEB04 /* CameraOverlayer.swift */; };
		FA3C293B45C406A0FF6BBEDC /* Sparkle in Frameworks */ = {isa = PBXBuildFile; productRef = AFDA9386295BB6CA49DD2B4B /* Sparkle */; };
		FA85345BBD9C7350E7499E98 /* ContentViewNew.swift in Sources */ = {isa = PBXBuildFile; fileRef = C788785885CEA25CA4349735 /* ContentViewNew.swift */; };
		FBDFCA2CD6030CFB740241F3 /* GroupForm.swift in Sources */ = {isa = PBXBuildFile; fileRef = 56CF8A51EA56F7281F59CBF5 /* GroupForm.swift */; };
		FCDD2B640945F3774F57C34E /* KeyboardShortcuts in Frameworks */ = {isa = PBXBuildFile; productRef = 7A2DF5A06EC1B787683181C3 /* KeyboardShortcuts */; };
/* End PBXBuildFile section */

/* Begin PBXFileReference section */
		1379FEFBF86E7A6D8EE7F2C2 /* QuickRecorderApp.swift */ = {isa = PBXFileReference; lastKnownFileType = sourcecode.swift; path = QuickRecorderApp.swift; sourceTree = "<group>"; };
		17471A6736E972D6EE525D2B /* SleepPreventer.swift */ = {isa = PBXFileReference; lastKnownFileType = sourcecode.swift; path = SleepPreventer.swift; sourceTree = "<group>"; };
		1B493083E3FBAE27042FFC9D /* AppBlockSelector.swift */ = {isa = PBXFileReference; lastKnownFileType = sourcecode.swift; path = AppBlockSelector.swift; sourceTree = "<group>"; };
		1ED2561097C536580D2DF6BD /* ScreenMagnifier.swift */ = {isa = PBXFileReference; lastKnownFileType = sourcecode.swift; path = ScreenMagnifier.swift; sourceTree = "<group>"; };
		229FE2CD1198F1BE12FFB725 /* WindowHighlighter.swift */ = {isa = PBXFileReference; lastKnownFileType = sourcecode.swift; path = WindowHighlighter.swift; sourceTree = "<group>"; };
		2546D2B36DF5ED45ECA3C93F /* SettingsView.swift */ = {isa = PBXFileReference; lastKnownFileType = sourcecode.swift; path = SettingsView.swift; sourceTree = "<group>"; };
		2658D46104B6D79CF3660D75 /* Localizable.strings */ = {isa = PBXFileReference; lastKnownFileType = text.plist.strings; name = Localizable.strings; path = it.lproj/Localizable.strings; sourceTree = "<group>"; };
		29E462E3E7DD0355DC13C599 /* Info.plist */ = {isa = PBXFileReference; lastKnownFileType = text.plist; path = Info.plist; sourceTree = "<group>"; };
		37D3943DB242B43E0FD6B6E0 /* WindowAccessor.swift */ = {isa = PBXFileReference; lastKnownFileType = sourcecode.swift; path = WindowAccessor.swift; sourceTree = "<group>"; };
		49B9FEBBE4DDC1A333C360FC /* QmaPlayer.swift */ = {isa = PBXFileReference; lastKnownFileType = sourcecode.swift; path = QmaPlayer.swift; sourceTree = "<group>"; };
		4C50A3DF1F88D855BD327880 /* AVContext.swift */ = {isa = PBXFileReference; lastKnownFileType = sourcecode.swift; path = AVContext.swift; sourceTree = "<group>"; };
		4CDDFC331759EB86B9E6A2CA /* Preview Assets.xcassets */ = {isa = PBXFileReference; lastKnownFileType = folder.assetcatalog; path = "Preview Assets.xcassets"; sourceTree = "<group>"; };
		4F38AB24F98B8287CCFA41F0 /* Sparkle.swift */ = {isa = PBXFileReference; lastKnownFileType = sourcecode.swift; path = Sparkle.swift; sourceTree = "<group>"; };
		5296D180E202BF04BA35C552 /* SCContext.swift */ = {isa = PBXFileReference; lastKnownFileType = sourcecode.swift; path = SCContext.swift; sourceTree = "<group>"; };
		5620E7E604464F71357701CD /* Assets.xcassets */ = {isa = PBXFileReference; lastKnownFileType = folder.assetcatalog; path = Assets.xcassets; sourceTree = "<group>"; };
		56CF8A51EA56F7281F59CBF5 /* GroupForm.swift */ = {isa = PBXFileReference; lastKnownFileType = sourcecode.swift; path = GroupForm.swift; sourceTree = "<group>"; };
		580A0D0330EB3D2ADD2E016B /* VideoEditor.swift */ = {isa = PBXFileReference; lastKnownFileType = sourcecode.swift; path = VideoEditor.swift; sourceTree = "<group>"; };
		5B33B95C641DB3B1836364D3 /* zh-Hans */ = {isa = PBXFileReference; lastKnownFileType = text.rtf; name = "zh-Hans"; path = "zh-Hans.lproj/Credits.rtf"; sourceTree = "<group>"; };
		5C155925B9F2253886F013E0 /* ScreenSelector.swift */ = {isa = PBXFileReference; lastKnownFileType = sourcecode.swift; path = ScreenSelector.swift; sourceTree = "<group>"; };
		5DE6E599BB34F30610A21854 /* StatusBar.swift */ = {isa = PBXFileReference; lastKnownFileType = sourcecode.swift; path = StatusBar.swift; sourceTree = "<group>"; };
		5FA85F3CDC69B7B0A4FCA65C /* QuickRecorder.entitlements */ = {isa = PBXFileReference; lastKnownFileType = text.plist.entitlements; path = QuickRecorder.entitlements; sourceTree = "<group>"; };
		60EC8B4E326D99B3E5C0308D /* AppleScript.swift */ = {isa = PBXFileReference; lastKnownFileType = sourcecode.swift; path = AppleScript.swift; sourceTree = "<group>"; };
		66060D7A142A050F230BEB04 /* CameraOverlayer.swift */ = {isa = PBXFileReference; lastKnownFileType = sourcecode.swift; path = CameraOverlayer.swift; sourceTree = "<group>"; };
		67918A2E9F55B9D6AC148315 /* zh-Hant */ = {isa = PBXFileReference; lastKnownFileType = text.rtf; name = "zh-Hant"; path = "zh-Hant.lproj/Credits.rtf"; sourceTree = "<group>"; };
		6AB7939A2CFDC875D1BDAC4F /* PreviewView.swift */ = {isa = PBXFileReference; lastKnownFileType = sourcecode.swift; path = PreviewView.swift; sourceTree = "<group>"; };
		8EB14EC88E1925795755DDCF /* InfoPlist.strings */ = {isa = PBXFileReference; lastKnownFileType = text.plist.strings; name = InfoPlist.strings; path = "zh-Hans.lproj/InfoPlist.strings"; sourceTree = "<group>"; };
		92CF99FA21F24342E268F383 /* SurpriseView.swift */ = {isa = PBXFileReference; lastKnownFileType = sourcecode.swift; path = SurpriseView.swift; sourceTree = "<group>"; };
		976A92782C4A12ED7BC27991 /* QuickRecorder.app */ = {isa = PBXFileReference; explicitFileType = wrapper.application; includeInIndex = 0; path = QuickRecorder.app; sourceTree = BUILT_PRODUCTS_DIR; };
		9CDB82CFC6FD6D6228AE9415 /* MousePointer.swift */ = {isa = PBXFileReference; lastKnownFileType = sourcecode.swift; path = MousePointer.swift; sourceTree = "<group>"; };
		AA28D5C28F0D3844BB4CDCB0 /* Localizable.strings */ = {isa = PBXFileReference; lastKnownFileType = text.plist.strings; name = Localizable.strings; path = "zh-Hant.lproj/Localizable.strings"; sourceTree = "<group>"; };
		B2B6BACD125EAA3F9D1C4158 /* ContentView.swift */ = {isa = PBXFileReference; lastKnownFileType = sourcecode.swift; path = ContentView.swift; sourceTree = "<group>"; };
		B446F16B9A49206C8DB1ED37 /* iDeviceSelector.swift */ = {isa = PBXFileReference; lastKnownFileType = sourcecode.swift; path = iDeviceSelector.swift; sourceTree = "<group>"; };
		B52D5DF49796FB0D520A1B12 /* InfoPlist.strings */ = {isa = PBXFileReference; lastKnownFileType = text.plist.strings; name = InfoPlist.strings; path = "zh-Hant.lproj/InfoPlist.strings"; sourceTree = "<group>"; };
		BAB9237AD5364A33A9D05F58 /* AppSelector.swift */ = {isa = PBXFileReference; lastKnownFileType = sourcecode.swift; path = AppSelector.swift; sourceTree = "<group>"; };
		C788785885CEA25CA4349735 /* ContentViewNew.swift */ = {isa = PBXFileReference; lastKnownFileType = sourcecode.swift; path = ContentViewNew.swift; sourceTree = "<group>"; };
		CC6E91213BED7C894BC306B3 /* it */ = {isa = PBXFileReference; lastKnownFileType = text.rtf; name = it; path = it.lproj/Credits.rtf; sourceTree = "<group>"; };
		CFA0F7A2E224B94D27CDFFDA /* Scriptable.sdef */ = {isa = PBXFileReference; path = Scriptable.sdef; sourceTree = "<group>"; };
		D3B069B961636F21577CE528 /* WinSelector.swift */ = {isa = PBXFileReference; lastKnownFileType = sourcecode.swift; path = WinSelector.swift; sourceTree = "<group>"; };
		E0C47517908687C6455642AD /* Base */ = {isa = PBXFileReference; lastKnownFileType = text.rtf; name = Base; path = Base.lproj/Credits.rtf; sourceTree = "<group>"; };
		E92531F6190CF7FD54D11030 /* AreaSelector.swift */ = {isa = PBXFileReference; lastKnownFileType = sourcecode.swift; path = AreaSelector.swift; sourceTree = "<group>"; };
		F0026D5C2EE88D0D7E565FB5 /* RecordEngine.swift */ = {isa = PBXFileReference; lastKnownFileType = sourcecode.swift; path = RecordEngine.swift; sourceTree = "<group>"; };
		FDB38159C14CF22014034614 /* InfoPlist.strings */ = {isa = PBXFileReference; lastKnownFileType = text.plist.strings; name = InfoPlist.strings; path = it.lproj/InfoPlist.strings; sourceTree = "<group>"; };
		FFCF6A7ECE17641A3EF2B55A /* Localizable.strings */ = {isa = PBXFileReference; lastKnownFileType = text.plist.strings; name = Localizable.strings; path = "zh-Hans.lproj/Localizable.strings"; sourceTree = "<group>"; };
/* End PBXFileReference section */

/* Begin PBXFrameworksBuildPhase section */
		874A5F5AC7B79BFD21BEF735 /* Frameworks */ = {
			isa = PBXFrameworksBuildPhase;
			buildActionMask = 2147483647;
			files = (
				FA3C293B45C406A0FF6BBEDC /* Sparkle in Frameworks */,
				26B923AA1337F95775B3AA81 /* MatrixColorSelector in Frameworks */,
				9F52EB00D7FB32A12196483B /* AECAudioStream in Frameworks */,
				FCDD2B640945F3774F57C34E /* KeyboardShortcuts in Frameworks */,
				6603A9EF5651405D0C084EB9 /* SwiftLAME in Frameworks */,
			);
			runOnlyForDeploymentPostprocessing = 0;
		};
/* End PBXFrameworksBuildPhase section */

/* Begin PBXGroup section */
		2AA684A801984EA6730D9B9E /* Products */ = {
			isa = PBXGroup;
			children = (
				976A92782C4A12ED7BC27991 /* QuickRecorder.app */,
			);
			name = Products;
			sourceTree = "<group>";
		};
		424C72D4BC8B5B3E3CDBD235 /* QuickRecorder */ = {
			isa = PBXGroup;
			children = (
				5620E7E604464F71357701CD /* Assets.xcassets */,
				4C50A3DF1F88D855BD327880 /* AVContext.swift */,
				29E462E3E7DD0355DC13C599 /* Info.plist */,
				FDB38159C14CF22014034614 /* InfoPlist.strings */,
				8EB14EC88E1925795755DDCF /* InfoPlist.strings */,
				B52D5DF49796FB0D520A1B12 /* InfoPlist.strings */,
				2658D46104B6D79CF3660D75 /* Localizable.strings */,
				FFCF6A7ECE17641A3EF2B55A /* Localizable.strings */,
				AA28D5C28F0D3844BB4CDCB0 /* Localizable.strings */,
				5FA85F3CDC69B7B0A4FCA65C /* QuickRecorder.entitlements */,
				1379FEFBF86E7A6D8EE7F2C2 /* QuickRecorderApp.swift */,
				F0026D5C2EE88D0D7E565FB5 /* RecordEngine.swift */,
				5296D180E202BF04BA35C552 /* SCContext.swift */,
				76D01F550B998DD32AE08E28 /* Credits.rtf */,
				C9E9E3CE83C10ECE40030E18 /* Preview Content */,
				CD833DCDD7ED72553F63922B /* Supports */,
				6BE83B67B63A390276F64154 /* ViewModel */,
			);
			path = QuickRecorder;
			sourceTree = "<group>";
		};
		6BE83B67B63A390276F64154 /* ViewModel */ = {
			isa = PBXGroup;
			children = (
				1B493083E3FBAE27042FFC9D /* AppBlockSelector.swift */,
				BAB9237AD5364A33A9D05F58 /* AppSelector.swift */,
				E92531F6190CF7FD54D11030 /* AreaSelector.swift */,
				66060D7A142A050F230BEB04 /* CameraOverlayer.swift */,
				B2B6BACD125EAA3F9D1C4158 /* ContentView.swift */,
				C788785885CEA25CA4349735 /* ContentViewNew.swift */,
				B446F16B9A49206C8DB1ED37 /* iDeviceSelector.swift */,
				9CDB82CFC6FD6D6228AE9415 /* MousePointer.swift */,
				6AB7939A2CFDC875D1BDAC4F /* PreviewView.swift */,
				49B9FEBBE4DDC1A333C360FC /* QmaPlayer.swift */,
				1ED2561097C536580D2DF6BD /* ScreenMagnifier.swift */,
				5C155925B9F2253886F013E0 /* ScreenSelector.swift */,
				2546D2B36DF5ED45ECA3C93F /* SettingsView.swift */,
				5DE6E599BB34F30610A21854 /* StatusBar.swift */,
				92CF99FA21F24342E268F383 /* SurpriseView.swift */,
				580A0D0330EB3D2ADD2E016B /* VideoEditor.swift */,
				D3B069B961636F21577CE528 /* WinSelector.swift */,
			);
			path = ViewModel;
			sourceTree = "<group>";
		};
		B4E71D90B95A9CDB927751D5 = {
			isa = PBXGroup;
			children = (
				424C72D4BC8B5B3E3CDBD235 /* QuickRecorder */,
				2AA684A801984EA6730D9B9E /* Products */,
			);
			sourceTree = "<group>";
		};
		C9E9E3CE83C10ECE40030E18 /* Preview Content */ = {
			isa = PBXGroup;
			children = (
				4CDDFC331759EB86B9E6A2CA /* Preview Assets.xcassets */,
			);
			path = "Preview Content";
			sourceTree = "<group>";
		};
		CD833DCDD7ED72553F63922B /* Supports */ = {
			isa = PBXGroup;
			children = (
				60EC8B4E326D99B3E5C0308D /* AppleScript.swift */,
				56CF8A51EA56F7281F59CBF5 /* GroupForm.swift */,
				CFA0F7A2E224B94D27CDFFDA /* Scriptable.sdef */,
				17471A6736E972D6EE525D2B /* SleepPreventer.swift */,
				4F38AB24F98B8287CCFA41F0 /* Sparkle.swift */,
				37D3943DB242B43E0FD6B6E0 /* WindowAccessor.swift */,
				229FE2CD1198F1BE12FFB725 /* WindowHighlighter.swift */,
			);
			path = Supports;
			sourceTree = "<group>";
		};
/* End PBXGroup section */

/* Begin PBXNativeTarget section */
		442A9613EC6AF7202353F5C8 /* QuickRecorder */ = {
			isa = PBXNativeTarget;
			buildConfigurationList = 0590CA1AE0496AA0357C2036 /* Build configuration list for PBXNativeTarget "QuickRecorder" */;
			buildPhases = (
				BE61CA362FDDF6A6AA34DC5F /* Sources */,
				473C1C1C12DB67D7D8938665 /* Resources */,
				874A5F5AC7B79BFD21BEF735 /* Frameworks */,
			);
			buildRules = (
			);
			dependencies = (
			);
			name = QuickRecorder;
			packageProductDependencies = (
				AFDA9386295BB6CA49DD2B4B /* Sparkle */,
				20A11B938B13658B354D5547 /* MatrixColorSelector */,
				B12943B078FE621DF2A6C2DD /* AECAudioStream */,
				7A2DF5A06EC1B787683181C3 /* KeyboardShortcuts */,
				FDC081B5850295EDBBD6F047 /* SwiftLAME */,
			);
			productName = QuickRecorder;
			productReference = 976A92782C4A12ED7BC27991 /* QuickRecorder.app */;
			productType = "com.apple.product-type.application";
		};
/* End PBXNativeTarget section */

/* Begin PBXProject section */
		091D73DF0FA006B10DE27907 /* Project object */ = {
			isa = PBXProject;
			attributes = {
				BuildIndependentTargetsInParallel = YES;
				LastUpgradeCheck = 1430;
				TargetAttributes = {
				};
			};
			buildConfigurationList = 0B55791DE98B5DFD80FDBFA4 /* Build configuration list for PBXProject "QuickRecorder" */;
			developmentRegion = en;
			hasScannedForEncodings = 0;
			knownRegions = (
				Base,
				en,
				it,
				"zh-Hans",
				"zh-Hant",
			);
			mainGroup = B4E71D90B95A9CDB927751D5;
			minimizedProjectReferenceProxies = 1;
			packageReferences = (
				56985757E7F219B6AE48C7DC /* XCRemoteSwiftPackageReference "AECAudioStream" */,
				0185B77E6E556407F67ECA69 /* XCRemoteSwiftPackageReference "KeyboardShortcuts" */,
				BDD434C4DFF8F7EE43D7CBD9 /* XCRemoteSwiftPackageReference "MatrixColorSelector" */,
				948038E4AF85981238A02489 /* XCRemoteSwiftPackageReference "Sparkle" */,
				33E3F90A06F417ED91A8B135 /* XCRemoteSwiftPackageReference "SwiftLAME" */,
			);
			preferredProjectObjectVersion = 77;
			productRefGroup = 2AA684A801984EA6730D9B9E /* Products */;
			projectDirPath = "";
			projectRoot = "";
			targets = (
				442A9613EC6AF7202353F5C8 /* QuickRecorder */,
			);
		};
/* End PBXProject section */

/* Begin PBXResourcesBuildPhase section */
		473C1C1C12DB67D7D8938665 /* Resources */ = {
			isa = PBXResourcesBuildPhase;
			buildActionMask = 2147483647;
			files = (
				8130E58336279DF3FDE154E9 /* Assets.xcassets in Resources */,
				5D3D44513E9EC48075D8B59D /* Credits.rtf in Resources */,
				64D378587B14D6ED4AE08454 /* InfoPlist.strings in Resources */,
				931402C2C3E599D26731D5DE /* InfoPlist.strings in Resources */,
				24AF75F73AF277180AAF3F8C /* InfoPlist.strings in Resources */,
				2B7778222382D778E796DF4D /* Localizable.strings in Resources */,
				D94AF1A8ACCB4A8D1A99B341 /* Localizable.strings in Resources */,
				2C9FE01C1B05E00E6ABD55A1 /* Localizable.strings in Resources */,
				408854EBC801402EC2F1CAC7 /* Scriptable.sdef in Resources */,
			);
			runOnlyForDeploymentPostprocessing = 0;
		};
/* End PBXResourcesBuildPhase section */

/* Begin PBXSourcesBuildPhase section */
		BE61CA362FDDF6A6AA34DC5F /* Sources */ = {
			isa = PBXSourcesBuildPhase;
			buildActionMask = 2147483647;
			files = (
				7B6B4EB56F3F5FCD66B92A5D /* AVContext.swift in Sources */,
				4D4AE02389D6310B87D07385 /* AppBlockSelector.swift in Sources */,
				53394F8B5688817B811310EC /* AppSelector.swift in Sources */,
				E1CD9217FA941F4943545C2B /* AppleScript.swift in Sources */,
				86BDA9EC207299D92CC2C184 /* AreaSelector.swift in Sources */,
				F26CEE19F36FB64A62D0EEB6 /* CameraOverlayer.swift in Sources */,
				D751565E58C101C8F68DFBDB /* ContentView.swift in Sources */,
				FA85345BBD9C7350E7499E98 /* ContentViewNew.swift in Sources */,
				FBDFCA2CD6030CFB740241F3 /* GroupForm.swift in Sources */,
				C30B6F000B533C43048508B9 /* MousePointer.swift in Sources */,
				5A7F1D55A688F330498BD9E2 /* PreviewView.swift in Sources */,
				310C941B35A6DD8FEDDED2BB /* QmaPlayer.swift in Sources */,
				311E736EB8D9BE299C908E79 /* QuickRecorderApp.swift in Sources */,
				254D03C42202290F1B10AFD2 /* RecordEngine.swift in Sources */,
				2192812BECFE229E9A62F59C /* SCContext.swift in Sources */,
				327A5000AC3F7C498DD58E1D /* ScreenMagnifier.swift in Sources */,
				F07FD4EFE039013FC77ED285 /* ScreenSelector.swift in Sources */,
				CC0174A706714569C305DBF3 /* SettingsView.swift in Sources */,
				6EC5D01F2E0B50973B6D7378 /* SleepPreventer.swift in Sources */,
				AB21A63489FF5531CD348FE7 /* Sparkle.swift in Sources */,
				1ACD3A57D8629FC1DD521B8E /* StatusBar.swift in Sources */,
				88805C21093A2054AE2E89B3 /* SurpriseView.swift in Sources */,
				9B1B5B597CF4B14111E1A95C /* VideoEditor.swift in Sources */,
				5895D098409330C80DF74F13 /* WinSelector.swift in Sources */,
				5C8F5AA200E63F6AB8B284B5 /* WindowAccessor.swift in Sources */,
				6694B17C1E9F8BCB92533995 /* WindowHighlighter.swift in Sources */,
				01E50FC472AC064589470DAB /* iDeviceSelector.swift in Sources */,
			);
			runOnlyForDeploymentPostprocessing = 0;
		};
/* End PBXSourcesBuildPhase section */

/* Begin PBXVariantGroup section */
		76D01F550B998DD32AE08E28 /* Credits.rtf */ = {
			isa = PBXVariantGroup;
			children = (
				E0C47517908687C6455642AD /* Base */,
				CC6E91213BED7C894BC306B3 /* it */,
				5B33B95C641DB3B1836364D3 /* zh-Hans */,
				67918A2E9F55B9D6AC148315 /* zh-Hant */,
			);
			name = Credits.rtf;
			sourceTree = "<group>";
		};
/* End PBXVariantGroup section */

/* Begin XCBuildConfiguration section */
		40F89276388AB8C2DCB74ECF /* Release */ = {
			isa = XCBuildConfiguration;
			buildSettings = {
				ALWAYS_SEARCH_USER_PATHS = NO;
				ASSETCATALOG_COMPILER_GENERATE_SWIFT_ASSET_SYMBOL_EXTENSIONS = YES;
				CLANG_ANALYZER_NONNULL = YES;
				CLANG_ANALYZER_NUMBER_OBJECT_CONVERSION = YES_AGGRESSIVE;
				CLANG_CXX_LANGUAGE_STANDARD = "gnu++14";
				CLANG_CXX_LIBRARY = "libc++";
				CLANG_ENABLE_MODULES = YES;
				CLANG_ENABLE_OBJC_ARC = YES;
				CLANG_ENABLE_OBJC_WEAK = YES;
				CLANG_WARN_BLOCK_CAPTURE_AUTORELEASING = YES;
				CLANG_WARN_BOOL_CONVERSION = YES;
				CLANG_WARN_COMMA = YES;
				CLANG_WARN_CONSTANT_CONVERSION = YES;
				CLANG_WARN_DEPRECATED_OBJC_IMPLEMENTATIONS = YES;
				CLANG_WARN_DIRECT_OBJC_ISA_USAGE = YES_ERROR;
				CLANG_WARN_DOCUMENTATION_COMMENTS = YES;
				CLANG_WARN_EMPTY_BODY = YES;
				CLANG_WARN_ENUM_CONVERSION = YES;
				CLANG_WARN_INFINITE_RECURSION = YES;
				CLANG_WARN_INT_CONVERSION = YES;
				CLANG_WARN_NON_LITERAL_NULL_CONVERSION = YES;
				CLANG_WARN_OBJC_IMPLICIT_RETAIN_SELF = YES;
				CLANG_WARN_OBJC_LITERAL_CONVERSION = YES;
				CLANG_WARN_OBJC_ROOT_CLASS = YES_ERROR;
				CLANG_WARN_QUOTED_INCLUDE_IN_FRAMEWORK_HEADER = YES;
				CLANG_WARN_RANGE_LOOP_ANALYSIS = YES;
				CLANG_WARN_STRICT_PROTOTYPES = YES;
				CLANG_WARN_SUSPICIOUS_MOVE = YES;
				CLANG_WARN_UNGUARDED_AVAILABILITY = YES_AGGRESSIVE;
				CLANG_WARN_UNREACHABLE_CODE = YES;
				CLANG_WARN__DUPLICATE_METHOD_MATCH = YES;
				COPY_PHASE_STRIP = NO;
				DEBUG_INFORMATION_FORMAT = "dwarf-with-dsym";
				ENABLE_NS_ASSERTIONS = NO;
				ENABLE_STRICT_OBJC_MSGSEND = YES;
				ENABLE_USER_SCRIPT_SANDBOXING = YES;
				GCC_C_LANGUAGE_STANDARD = gnu11;
				GCC_NO_COMMON_BLOCKS = YES;
				GCC_WARN_64_TO_32_BIT_CONVERSION = YES;
				GCC_WARN_ABOUT_RETURN_TYPE = YES_ERROR;
				GCC_WARN_UNDECLARED_SELECTOR = YES;
				GCC_WARN_UNINITIALIZED_AUTOS = YES_AGGRESSIVE;
				GCC_WARN_UNUSED_FUNCTION = YES;
				GCC_WARN_UNUSED_VARIABLE = YES;
				LOCALIZATION_PREFERS_STRING_CATALOGS = YES;
				MACOSX_DEPLOYMENT_TARGET = 14.0;
				MTL_ENABLE_DEBUG_INFO = NO;
				MTL_FAST_MATH = YES;
				PRODUCT_NAME = "$(TARGET_NAME)";
				SDKROOT = macosx;
				SWIFT_COMPILATION_MODE = wholemodule;
				SWIFT_OPTIMIZATION_LEVEL = "-O";
				SWIFT_VERSION = 6.0;
			};
			name = Release;
		};
		4581C16518CAA4CD6610B9C4 /* Debug */ = {
			isa = XCBuildConfiguration;
			buildSettings = {
				ALWAYS_SEARCH_USER_PATHS = NO;
				ASSETCATALOG_COMPILER_GENERATE_SWIFT_ASSET_SYMBOL_EXTENSIONS = YES;
				CLANG_ANALYZER_NONNULL = YES;
				CLANG_ANALYZER_NUMBER_OBJECT_CONVERSION = YES_AGGRESSIVE;
				CLANG_CXX_LANGUAGE_STANDARD = "gnu++14";
				CLANG_CXX_LIBRARY = "libc++";
				CLANG_ENABLE_MODULES = YES;
				CLANG_ENABLE_OBJC_ARC = YES;
				CLANG_ENABLE_OBJC_WEAK = YES;
				CLANG_WARN_BLOCK_CAPTURE_AUTORELEASING = YES;
				CLANG_WARN_BOOL_CONVERSION = YES;
				CLANG_WARN_COMMA = YES;
				CLANG_WARN_CONSTANT_CONVERSION = YES;
				CLANG_WARN_DEPRECATED_OBJC_IMPLEMENTATIONS = YES;
				CLANG_WARN_DIRECT_OBJC_ISA_USAGE = YES_ERROR;
				CLANG_WARN_DOCUMENTATION_COMMENTS = YES;
				CLANG_WARN_EMPTY_BODY = YES;
				CLANG_WARN_ENUM_CONVERSION = YES;
				CLANG_WARN_INFINITE_RECURSION = YES;
				CLANG_WARN_INT_CONVERSION = YES;
				CLANG_WARN_NON_LITERAL_NULL_CONVERSION = YES;
				CLANG_WARN_OBJC_IMPLICIT_RETAIN_SELF = YES;
				CLANG_WARN_OBJC_LITERAL_CONVERSION = YES;
				CLANG_WARN_OBJC_ROOT_CLASS = YES_ERROR;
				CLANG_WARN_QUOTED_INCLUDE_IN_FRAMEWORK_HEADER = YES;
				CLANG_WARN_RANGE_LOOP_ANALYSIS = YES;
				CLANG_WARN_STRICT_PROTOTYPES = YES;
				CLANG_WARN_SUSPICIOUS_MOVE = YES;
				CLANG_WARN_UNGUARDED_AVAILABILITY = YES_AGGRESSIVE;
				CLANG_WARN_UNREACHABLE_CODE = YES;
				CLANG_WARN__DUPLICATE_METHOD_MATCH = YES;
				COPY_PHASE_STRIP = NO;
				DEBUG_INFORMATION_FORMAT = dwarf;
				ENABLE_STRICT_OBJC_MSGSEND = YES;
				ENABLE_TESTABILITY = YES;
				ENABLE_USER_SCRIPT_SANDBOXING = YES;
				GCC_C_LANGUAGE_STANDARD = gnu11;
				GCC_DYNAMIC_NO_PIC = NO;
				GCC_NO_COMMON_BLOCKS = YES;
				GCC_OPTIMIZATION_LEVEL = 0;
				GCC_PREPROCESSOR_DEFINITIONS = (
					"$(inherited)",
					"DEBUG=1",
				);
				GCC_WARN_64_TO_32_BIT_CONVERSION = YES;
				GCC_WARN_ABOUT_RETURN_TYPE = YES_ERROR;
				GCC_WARN_UNDECLARED_SELECTOR = YES;
				GCC_WARN_UNINITIALIZED_AUTOS = YES_AGGRESSIVE;
				GCC_WARN_UNUSED_FUNCTION = YES;
				GCC_WARN_UNUSED_VARIABLE = YES;
				LOCALIZATION_PREFERS_STRING_CATALOGS = YES;
				MACOSX_DEPLOYMENT_TARGET = 14.0;
				MTL_ENABLE_DEBUG_INFO = INCLUDE_SOURCE;
				MTL_FAST_MATH = YES;
				ONLY_ACTIVE_ARCH = YES;
				PRODUCT_NAME = "$(TARGET_NAME)";
				SDKROOT = macosx;
				SWIFT_ACTIVE_COMPILATION_CONDITIONS = DEBUG;
				SWIFT_OPTIMIZATION_LEVEL = "-Onone";
				SWIFT_VERSION = 6.0;
			};
			name = Debug;
		};
		FD091D9F7C70FDA6893182BF /* Release */ = {
			isa = XCBuildConfiguration;
			buildSettings = {
				ASSETCATALOG_COMPILER_APPICON_NAME = AppIcon;
				ASSETCATALOG_COMPILER_GLOBAL_ACCENT_COLOR_NAME = AccentColor;
				CODE_SIGN_ENTITLEMENTS = QuickRecorder/QuickRecorder.entitlements;
				COMBINE_HIDPI_IMAGES = YES;
				CURRENT_PROJECT_VERSION = 170;
				DEVELOPMENT_ASSET_PATHS = "\"QuickRecorder/Preview Content\"";
				ENABLE_HARDENED_RUNTIME = YES;
				ENABLE_PREVIEWS = YES;
				GENERATE_INFOPLIST_FILE = YES;
				INFOPLIST_FILE = QuickRecorder/Info.plist;
				INFOPLIST_KEY_LSApplicationCategoryType = "public.app-category.utilities";
				INFOPLIST_KEY_LSUIElement = YES;
				INFOPLIST_KEY_NSCameraUsageDescription = "QuickRecorder needs this permission to record your camera and mobile device.";
				INFOPLIST_KEY_NSHumanReadableCopyright = "Copyright © 2024 lihaoyun6. All rights reserved.";
				INFOPLIST_KEY_NSMicrophoneUsageDescription = "QuickRecorder needs this permission to record your voice.";
				LD_RUNPATH_SEARCH_PATHS = (
					"$(inherited)",
					"@executable_path/../Frameworks",
				);
				MACOSX_DEPLOYMENT_TARGET = 14.0;
				MARKETING_VERSION = 1.7.0;
				PRODUCT_BUNDLE_IDENTIFIER = com.lihaoyun6.QuickRecorder;
				PRODUCT_NAME = "$(TARGET_NAME)";
				SDKROOT = macosx;
			};
			name = Release;
		};
		FD917286D84E9D1DE554C0ED /* Debug */ = {
			isa = XCBuildConfiguration;
			buildSettings = {
				ASSETCATALOG_COMPILER_APPICON_NAME = AppIcon;
				ASSETCATALOG_COMPILER_GLOBAL_ACCENT_COLOR_NAME = AccentColor;
				CODE_SIGN_ENTITLEMENTS = QuickRecorder/QuickRecorder.entitlements;
				COMBINE_HIDPI_IMAGES = YES;
				CURRENT_PROJECT_VERSION = 170;
				DEVELOPMENT_ASSET_PATHS = "\"QuickRecorder/Preview Content\"";
				ENABLE_HARDENED_RUNTIME = YES;
				ENABLE_PREVIEWS = YES;
				GENERATE_INFOPLIST_FILE = YES;
				INFOPLIST_FILE = QuickRecorder/Info.plist;
				INFOPLIST_KEY_LSApplicationCategoryType = "public.app-category.utilities";
				INFOPLIST_KEY_LSUIElement = YES;
				INFOPLIST_KEY_NSCameraUsageDescription = "QuickRecorder needs this permission to record your camera and mobile device.";
				INFOPLIST_KEY_NSHumanReadableCopyright = "Copyright © 2024 lihaoyun6. All rights reserved.";
				INFOPLIST_KEY_NSMicrophoneUsageDescription = "QuickRecorder needs this permission to record your voice.";
				LD_RUNPATH_SEARCH_PATHS = (
					"$(inherited)",
					"@executable_path/../Frameworks",
				);
				MACOSX_DEPLOYMENT_TARGET = 14.0;
				MARKETING_VERSION = 1.7.0;
				PRODUCT_BUNDLE_IDENTIFIER = com.lihaoyun6.QuickRecorder;
				PRODUCT_NAME = "$(TARGET_NAME)";
				SDKROOT = macosx;
			};
			name = Debug;
		};
/* End XCBuildConfiguration section */

/* Begin XCConfigurationList section */
		0590CA1AE0496AA0357C2036 /* Build configuration list for PBXNativeTarget "QuickRecorder" */ = {
			isa = XCConfigurationList;
			buildConfigurations = (
				FD917286D84E9D1DE554C0ED /* Debug */,
				FD091D9F7C70FDA6893182BF /* Release */,
			);
			defaultConfigurationIsVisible = 0;
			defaultConfigurationName = Debug;
		};
		0B55791DE98B5DFD80FDBFA4 /* Build configuration list for PBXProject "QuickRecorder" */ = {
			isa = XCConfigurationList;
			buildConfigurations = (
				4581C16518CAA4CD6610B9C4 /* Debug */,
				40F89276388AB8C2DCB74ECF /* Release */,
			);
			defaultConfigurationIsVisible = 0;
			defaultConfigurationName = Debug;
		};
/* End XCConfigurationList section */

/* Begin XCRemoteSwiftPackageReference section */
		0185B77E6E556407F67ECA69 /* XCRemoteSwiftPackageReference "KeyboardShortcuts" */ = {
			isa = XCRemoteSwiftPackageReference;
			repositoryURL = "https://github.com/sindresorhus/KeyboardShortcuts.git";
			requirement = {
				kind = upToNextMajorVersion;
				minimumVersion = 2.2.4;
			};
		};
		33E3F90A06F417ED91A8B135 /* XCRemoteSwiftPackageReference "SwiftLAME" */ = {
			isa = XCRemoteSwiftPackageReference;
			repositoryURL = "https://github.com/hidden-spectrum/SwiftLAME.git";
			requirement = {
				kind = revision;
				revision = e8256a8151594f47f103c742f684253c6c44871d;
			};
		};
		56985757E7F219B6AE48C7DC /* XCRemoteSwiftPackageReference "AECAudioStream" */ = {
			isa = XCRemoteSwiftPackageReference;
			repositoryURL = "https://github.com/lihaoyun6/AECAudioStream.git";
			requirement = {
				branch = main;
				kind = branch;
			};
		};
		948038E4AF85981238A02489 /* XCRemoteSwiftPackageReference "Sparkle" */ = {
			isa = XCRemoteSwiftPackageReference;
			repositoryURL = "https://github.com/sparkle-project/Sparkle";
			requirement = {
				kind = upToNextMajorVersion;
				minimumVersion = 2.6.0;
			};
		};
		BDD434C4DFF8F7EE43D7CBD9 /* XCRemoteSwiftPackageReference "MatrixColorSelector" */ = {
			isa = XCRemoteSwiftPackageReference;
			repositoryURL = "https://github.com/lihaoyun6/MatrixColorSelector.git";
			requirement = {
				branch = main;
				kind = branch;
			};
		};
/* End XCRemoteSwiftPackageReference section */

/* Begin XCSwiftPackageProductDependency section */
		20A11B938B13658B354D5547 /* MatrixColorSelector */ = {
			isa = XCSwiftPackageProductDependency;
			package = BDD434C4DFF8F7EE43D7CBD9 /* XCRemoteSwiftPackageReference "MatrixColorSelector" */;
			productName = MatrixColorSelector;
		};
		7A2DF5A06EC1B787683181C3 /* KeyboardShortcuts */ = {
			isa = XCSwiftPackageProductDependency;
			package = 0185B77E6E556407F67ECA69 /* XCRemoteSwiftPackageReference "KeyboardShortcuts" */;
			productName = KeyboardShortcuts;
		};
		AFDA9386295BB6CA49DD2B4B /* Sparkle */ = {
			isa = XCSwiftPackageProductDependency;
			package = 948038E4AF85981238A02489 /* XCRemoteSwiftPackageReference "Sparkle" */;
			productName = Sparkle;
		};
		B12943B078FE621DF2A6C2DD /* AECAudioStream */ = {
			isa = XCSwiftPackageProductDependency;
			package = 56985757E7F219B6AE48C7DC /* XCRemoteSwiftPackageReference "AECAudioStream" */;
			productName = AECAudioStream;
		};
		FDC081B5850295EDBBD6F047 /* SwiftLAME */ = {
			isa = XCSwiftPackageProductDependency;
			package = 33E3F90A06F417ED91A8B135 /* XCRemoteSwiftPackageReference "SwiftLAME" */;
			productName = SwiftLAME;
		};
/* End XCSwiftPackageProductDependency section */
	};
	rootObject = 091D73DF0FA006B10DE27907 /* Project object */;
}
